
Microsoft Visual Studio Solution File, Format Version 12.00
# Visual Studio Version 17
VisualStudioVersion = 17.0.31903.59
MinimumVisualStudioVersion = 10.0.40219.1
Project("{FAE04EC0-301F-11D3-BF4B-00C04F79EFBC}") = "lekcja_14.11.2023", "lekcja_14.11.2023\lekcja_14.11.2023.csproj", "{DC955A4F-F272-4509-A8B3-91CDE41BEB21}"
EndProject
Project("{FAE04EC0-301F-11D3-BF4B-00C04F79EFBC}") = "lekcja_31.10.2023", "lekcja_31.10.2023\lekcja_31.10.2023.csproj", "{030567D1-FD02-4962-8F99-EC96C02574AD}"
EndProject
Project("{FAE04EC0-301F-11D3-BF4B-00C04F79EFBC}") = "lekcja_05.12.2023", "lekcja_05.12.2023\lekcja_05.12.2023.csproj", "{B5FCB1C0-33BD-499C-82BF-42CB7983E918}"
EndProject
Project("{FAE04EC0-301F-11D3-BF4B-00C04F79EFBC}") = "sprawdzian05.12.2023", "sprawdzian05.12.2023\sprawdzian05.12.2023.csproj", "{835B2979-3A14-4AC9-A4F7-37B70181DA92}"
EndProject
Global
	GlobalSection(SolutionConfigurationPlatforms) = preSolution
		Debug|Any CPU = Debug|Any CPU
		Release|Any CPU = Release|Any CPU
	EndGlobalSection
	GlobalSection(SolutionProperties) = preSolution
		HideSolutionNode = FALSE
	EndGlobalSection
	GlobalSection(ProjectConfigurationPlatforms) = postSolution
		{DC955A4F-F272-4509-A8B3-91CDE41BEB21}.Debug|Any CPU.ActiveCfg = Debug|Any CPU
		{DC955A4F-F272-4509-A8B3-91CDE41BEB21}.Debug|Any CPU.Build.0 = Debug|Any CPU
		{DC955A4F-F272-4509-A8B3-91CDE41BEB21}.Release|Any CPU.ActiveCfg = Release|Any CPU
		{DC955A4F-F272-4509-A8B3-91CDE41BEB21}.Release|Any CPU.Build.0 = Release|Any CPU
		{030567D1-FD02-4962-8F99-EC96C02574AD}.Debug|Any CPU.ActiveCfg = Debug|Any CPU
		{030567D1-FD02-4962-8F99-EC96C02574AD}.Debug|Any CPU.Build.0 = Debug|Any CPU
		{030567D1-FD02-4962-8F99-EC96C02574AD}.Release|Any CPU.ActiveCfg = Release|Any CPU
		{030567D1-FD02-4962-8F99-EC96C02574AD}.Release|Any CPU.Build.0 = Release|Any CPU
		{B5FCB1C0-33BD-499C-82BF-42CB7983E918}.Debug|Any CPU.ActiveCfg = Debug|Any CPU
		{B5FCB1C0-33BD-499C-82BF-42CB7983E918}.Debug|Any CPU.Build.0 = Debug|Any CPU
		{B5FCB1C0-33BD-499C-82BF-42CB7983E918}.Release|Any CPU.ActiveCfg = Release|Any CPU
		{B5FCB1C0-33BD-499C-82BF-42CB7983E918}.Release|Any CPU.Build.0 = Release|Any CPU
		{835B2979-3A14-4AC9-A4F7-37B70181DA92}.Debug|Any CPU.ActiveCfg = Debug|Any CPU
		{835B2979-3A14-4AC9-A4F7-37B70181DA92}.Debug|Any CPU.Build.0 = Debug|Any CPU
		{835B2979-3A14-4AC9-A4F7-37B70181DA92}.Release|Any CPU.ActiveCfg = Release|Any CPU
		{835B2979-3A14-4AC9-A4F7-37B70181DA92}.Release|Any CPU.Build.0 = Release|Any CPU
	EndGlobalSection
EndGlobal
